PODS:
  - Aspects (1.4.1)
  - BlocksKit (2.2.5):
    - BlocksKit/All (= 2.2.5)
  - BlocksKit/All (2.2.5):
    - BlocksKit/Core
    - BlocksKit/DynamicDelegate
    - BlocksKit/MessageUI
    - BlocksKit/UIKit
  - BlocksKit/Core (2.2.5)
  - BlocksKit/DynamicDelegate (2.2.5)
  - BlocksKit/MessageUI (2.2.5):
    - BlocksKit/Core
    - BlocksKit/DynamicDelegate
  - BlocksKit/UIKit (2.2.5):
    - BlocksKit/Core
    - BlocksKit/DynamicDelegate
  - DRCategories (0.2.0):
    - BlocksKit
    - DRCategories/Foundation (= 0.2.0)
    - DRCategories/UIKit (= 0.2.0)
    - DRMacroDefines
    - DRSandboxManager
    - pop
    - RegExCategories
  - DRCategories/Foundation (0.2.0):
    - BlocksKit
    - DRMacroDefines
    - DRSandboxManager
    - pop
    - RegExCategories
  - DRCategories/UIKit (0.2.0):
    - BlocksKit
    - DRMacroDefines
    - DRSandboxManager
    - pop
    - RegExCategories
  - DRMacroDefines (0.1.2)
  - DRSandboxManager (0.1.7)
  - DRToastView (0.1.1):
    - DRMacroDefines
    - JXExtension
  - DRUIWidgetKit (0.3.6):
    - Aspects
    - BlocksKit
    - DRCategories
    - DRMacroDefines
    - DRToastView
    - DRUIWidgetKit/ActionSheet (= 0.3.6)
    - DRUIWidgetKit/CardContainer (= 0.3.6)
    - DRUIWidgetKit/CheckboxGroupView (= 0.3.6)
    - DRUIWidgetKit/CityPickerView (= 0.3.6)
    - DRUIWidgetKit/ClassDurationPickerView (= 0.3.6)
    - DRUIWidgetKit/ClassRemindTimePickerView (= 0.3.6)
    - DRUIWidgetKit/ClassTermPickerView (= 0.3.6)
    - DRUIWidgetKit/Common (= 0.3.6)
    - DRUIWidgetKit/CustomLayout (= 0.3.6)
    - DRUIWidgetKit/DatePickerView (= 0.3.6)
    - DRUIWidgetKit/DRCollectionViews (= 0.3.6)
    - DRUIWidgetKit/DRPageControl (= 0.3.6)
    - DRUIWidgetKit/DRTableViews (= 0.3.6)
    - DRUIWidgetKit/HorizenPageView (= 0.3.6)
    - DRUIWidgetKit/HourMinutePickerView (= 0.3.6)
    - DRUIWidgetKit/LunarDatePickerView (= 0.3.6)
    - DRUIWidgetKit/NormalDataPickerView (= 0.3.6)
    - DRUIWidgetKit/OptionCard (= 0.3.6)
    - DRUIWidgetKit/PickerContainerView (= 0.3.6)
    - DRUIWidgetKit/SectionView (= 0.3.6)
    - DRUIWidgetKit/Segment (= 0.3.6)
    - DRUIWidgetKit/StarRateView (= 0.3.6)
    - DRUIWidgetKit/TopBar (= 0.3.6)
    - DRUIWidgetKit/ValuePickerView (= 0.3.6)
    - DRUIWidgetKit/VoiceWaveView (= 0.3.6)
    - DRUIWidgetKit/WeekPickerView (= 0.3.6)
    - HexColors (= 4.0.0)
    - Masonry
    - RTRootNavigationController
    - SDWebImage
    - YYModel
  - DRUIWidgetKit/ActionSheet (0.3.6):
    - Aspects
    - BlocksKit
    - DRCategories
    - DRMacroDefines
    - DRToastView
    - DRUIWidgetKit/CardContainer
    - HexColors (= 4.0.0)
    - Masonry
    - RTRootNavigationController
    - SDWebImage
    - YYModel
  - DRUIWidgetKit/CardContainer (0.3.6):
    - Aspects
    - BlocksKit
    - DRCategories
    - DRMacroDefines
    - DRToastView
    - DRUIWidgetKit/DRTableViews/DRDragSortTableView
    - HexColors (= 4.0.0)
    - Masonry
    - RTRootNavigationController
    - SDWebImage
    - YYModel
  - DRUIWidgetKit/CheckboxGroupView (0.3.6):
    - Aspects
    - BlocksKit
    - DRCategories
    - DRMacroDefines
    - DRToastView
    - DRUIWidgetKit/NormalDataPickerView
    - HexColors (= 4.0.0)
    - Masonry
    - RTRootNavigationController
    - SDWebImage
    - YYModel
  - DRUIWidgetKit/CityPickerView (0.3.6):
    - Aspects
    - BlocksKit
    - DRCategories
    - DRMacroDefines
    - DRToastView
    - DRUIWidgetKit/Common
    - HexColors (= 4.0.0)
    - Masonry
    - RTRootNavigationController
    - SDWebImage
    - YYModel
  - DRUIWidgetKit/ClassDurationPickerView (0.3.6):
    - Aspects
    - BlocksKit
    - DRCategories
    - DRMacroDefines
    - DRToastView
    - DRUIWidgetKit/NormalDataPickerView
    - HexColors (= 4.0.0)
    - Masonry
    - RTRootNavigationController
    - SDWebImage
    - YYModel
  - DRUIWidgetKit/ClassRemindTimePickerView (0.3.6):
    - Aspects
    - BlocksKit
    - DRCategories
    - DRMacroDefines
    - DRToastView
    - DRUIWidgetKit/NormalDataPickerView
    - HexColors (= 4.0.0)
    - Masonry
    - RTRootNavigationController
    - SDWebImage
    - YYModel
  - DRUIWidgetKit/ClassTermPickerView (0.3.6):
    - Aspects
    - BlocksKit
    - DRCategories
    - DRMacroDefines
    - DRToastView
    - DRUIWidgetKit/NormalDataPickerView
    - HexColors (= 4.0.0)
    - Masonry
    - RTRootNavigationController
    - SDWebImage
    - YYModel
  - DRUIWidgetKit/Common (0.3.6):
    - Aspects
    - BlocksKit
    - DRCategories
    - DRMacroDefines
    - DRToastView
    - HexColors (= 4.0.0)
    - Masonry
    - RTRootNavigationController
    - SDWebImage
    - YYModel
  - DRUIWidgetKit/CustomLayout (0.3.6):
    - Aspects
    - BlocksKit
    - DRCategories
    - DRMacroDefines
    - DRToastView
    - DRUIWidgetKit/Common
    - HexColors (= 4.0.0)
    - Masonry
    - RTRootNavigationController
    - SDWebImage
    - YYModel
  - DRUIWidgetKit/DatePickerView (0.3.6):
    - Aspects
    - BlocksKit
    - DRCategories
    - DRMacroDefines
    - DRToastView
    - DRUIWidgetKit/Common
    - HexColors (= 4.0.0)
    - Masonry
    - RTRootNavigationController
    - SDWebImage
    - YYModel
  - DRUIWidgetKit/DRCollectionViews (0.3.6):
    - Aspects
    - BlocksKit
    - DRCategories
    - DRMacroDefines
    - DRToastView
    - DRUIWidgetKit/DRCollectionViews/FoldableView (= 0.3.6)
    - DRUIWidgetKit/DRCollectionViews/TimeFlowView (= 0.3.6)
    - HexColors (= 4.0.0)
    - Masonry
    - RTRootNavigationController
    - SDWebImage
    - YYModel
  - DRUIWidgetKit/DRCollectionViews/FoldableView (0.3.6):
    - Aspects
    - BlocksKit
    - DRCategories
    - DRMacroDefines
    - DRToastView
    - HexColors (= 4.0.0)
    - Masonry
    - RTRootNavigationController
    - SDWebImage
    - YYModel
  - DRUIWidgetKit/DRCollectionViews/TimeFlowView (0.3.6):
    - Aspects
    - BlocksKit
    - DRCategories
    - DRMacroDefines
    - DRToastView
    - DRUIWidgetKit/Common
    - HexColors (= 4.0.0)
    - Masonry
    - RTRootNavigationController
    - SDWebImage
    - YYModel
  - DRUIWidgetKit/DRPageControl (0.3.6):
    - Aspects
    - BlocksKit
    - DRCategories
    - DRMacroDefines
    - DRToastView
    - DRUIWidgetKit/Common
    - HexColors (= 4.0.0)
    - Masonry
    - RTRootNavigationController
    - SDWebImage
    - YYModel
  - DRUIWidgetKit/DRTableViews (0.3.6):
    - Aspects
    - BlocksKit
    - DRCategories
    - DRMacroDefines
    - DRToastView
    - DRUIWidgetKit/DRTableViews/DRDragSortTableView (= 0.3.6)
    - DRUIWidgetKit/DRTableViews/DRTextScrollView (= 0.3.6)
    - HexColors (= 4.0.0)
    - Masonry
    - RTRootNavigationController
    - SDWebImage
    - YYModel
  - DRUIWidgetKit/DRTableViews/DRDragSortTableView (0.3.6):
    - Aspects
    - BlocksKit
    - DRCategories
    - DRMacroDefines
    - DRToastView
    - DRUIWidgetKit/Common
    - HexColors (= 4.0.0)
    - Masonry
    - RTRootNavigationController
    - SDWebImage
    - YYModel
  - DRUIWidgetKit/DRTableViews/DRTextScrollView (0.3.6):
    - Aspects
    - BlocksKit
    - DRCategories
    - DRMacroDefines
    - DRToastView
    - HexColors (= 4.0.0)
    - Masonry
    - RTRootNavigationController
    - SDWebImage
    - YYModel
  - DRUIWidgetKit/HorizenPageView (0.3.6):
    - Aspects
    - BlocksKit
    - DRCategories
    - DRMacroDefines
    - DRToastView
    - DRUIWidgetKit/Common
    - DRUIWidgetKit/CustomLayout
    - DRUIWidgetKit/DRPageControl
    - HexColors (= 4.0.0)
    - Masonry
    - RTRootNavigationController
    - SDWebImage
    - YYModel
  - DRUIWidgetKit/HourMinutePickerView (0.3.6):
    - Aspects
    - BlocksKit
    - DRCategories
    - DRMacroDefines
    - DRToastView
    - DRUIWidgetKit/Common
    - HexColors (= 4.0.0)
    - Masonry
    - RTRootNavigationController
    - SDWebImage
    - YYModel
  - DRUIWidgetKit/LunarDatePickerView (0.3.6):
    - Aspects
    - BlocksKit
    - DRCategories
    - DRMacroDefines
    - DRToastView
    - DRUIWidgetKit/Common
    - HexColors (= 4.0.0)
    - Masonry
    - RTRootNavigationController
    - SDWebImage
    - YYModel
  - DRUIWidgetKit/NormalDataPickerView (0.3.6):
    - Aspects
    - BlocksKit
    - DRCategories
    - DRMacroDefines
    - DRToastView
    - DRUIWidgetKit/Common
    - HexColors (= 4.0.0)
    - Masonry
    - RTRootNavigationController
    - SDWebImage
    - YYModel
  - DRUIWidgetKit/OptionCard (0.3.6):
    - Aspects
    - BlocksKit
    - DRCategories
    - DRMacroDefines
    - DRToastView
    - DRUIWidgetKit/Common
    - HexColors (= 4.0.0)
    - Masonry
    - RTRootNavigationController
    - SDWebImage
    - YYModel
  - DRUIWidgetKit/PickerContainerView (0.3.6):
    - Aspects
    - BlocksKit
    - DRCategories
    - DRMacroDefines
    - DRToastView
    - DRUIWidgetKit/Common
    - HexColors (= 4.0.0)
    - Masonry
    - RTRootNavigationController
    - SDWebImage
    - YYModel
  - DRUIWidgetKit/SectionView (0.3.6):
    - Aspects
    - BlocksKit
    - DRCategories
    - DRMacroDefines
    - DRToastView
    - DRUIWidgetKit/Common
    - HexColors (= 4.0.0)
    - Masonry
    - RTRootNavigationController
    - SDWebImage
    - YYModel
  - DRUIWidgetKit/Segment (0.3.6):
    - Aspects
    - BlocksKit
    - DRCategories
    - DRMacroDefines
    - DRToastView
    - DRUIWidgetKit/Common
    - HexColors (= 4.0.0)
    - Masonry
    - RTRootNavigationController
    - SDWebImage
    - YYModel
  - DRUIWidgetKit/StarRateView (0.3.6):
    - Aspects
    - BlocksKit
    - DRCategories
    - DRMacroDefines
    - DRToastView
    - DRUIWidgetKit/Common
    - HexColors (= 4.0.0)
    - Masonry
    - RTRootNavigationController
    - SDWebImage
    - YYModel
  - DRUIWidgetKit/TopBar (0.3.6):
    - Aspects
    - BlocksKit
    - DRCategories
    - DRMacroDefines
    - DRToastView
    - DRUIWidgetKit/Common
    - HexColors (= 4.0.0)
    - Masonry
    - RTRootNavigationController
    - SDWebImage
    - YYModel
  - DRUIWidgetKit/ValuePickerView (0.3.6):
    - Aspects
    - BlocksKit
    - DRCategories
    - DRMacroDefines
    - DRToastView
    - DRUIWidgetKit/Common
    - HexColors (= 4.0.0)
    - Masonry
    - RTRootNavigationController
    - SDWebImage
    - YYModel
  - DRUIWidgetKit/VoiceWaveView (0.3.6):
    - Aspects
    - BlocksKit
    - DRCategories
    - DRMacroDefines
    - DRToastView
    - DRUIWidgetKit/Common
    - HexColors (= 4.0.0)
    - Masonry
    - RTRootNavigationController
    - SDWebImage
    - YYModel
  - DRUIWidgetKit/WeekPickerView (0.3.6):
    - Aspects
    - BlocksKit
    - DRCategories
    - DRMacroDefines
    - DRToastView
    - DRUIWidgetKit/Common
    - HexColors (= 4.0.0)
    - Masonry
    - RTRootNavigationController
    - SDWebImage
    - YYModel
  - HexColors (4.0.0)
  - JXExtension (0.4.1):
    - JXExtension/Category (= 0.4.1)
    - JXExtension/Transition (= 0.4.1)
    - JXExtension/View (= 0.4.1)
    - SDVersion
  - JXExtension/Category (0.4.1):
    - SDVersion
  - JXExtension/Transition (0.4.1):
    - SDVersion
  - JXExtension/View (0.4.1):
    - JXExtension/Category
    - SDVersion
  - Masonry (1.1.0)
  - pop (1.0.12)
  - RegExCategories (1.0)
  - RTRootNavigationController (0.7.2):
    - RTRootNavigationController/Core (= 0.7.2)
  - RTRootNavigationController/Core (0.7.2)
  - SDVersion (4.3.2)
  - SDWebImage (5.6.0):
    - SDWebImage/Core (= 5.6.0)
  - SDWebImage/Core (5.6.0)
  - YYModel (1.0.4)

DEPENDENCIES:
  - DRUIWidgetKit (from `../`)
  - Masonry
  - RegExCategories
  - YYModel

SPEC REPOS:
  trunk:
    - Aspects
    - BlocksKit
    - DRCategories
    - DRMacroDefines
    - DRSandboxManager
    - DRToastView
    - HexColors
    - JXExtension
    - Masonry
    - pop
    - RegExCategories
    - RTRootNavigationController
    - SDVersion
    - SDWebImage
    - YYModel

EXTERNAL SOURCES:
  DRUIWidgetKit:
    :path: "../"

SPEC CHECKSUMS:
  Aspects: 7595ba96a6727a58ebcbfc954497fc5d2fdde546
  BlocksKit: 7f422b971407001178d181a43b99014ea2591fe6
  DRCategories: 650f64983de2221f406da2888c8c61ab5c57571f
  DRMacroDefines: 58aa271bc1c4170fa09f4f33dcad18fc4f21a57e
  DRSandboxManager: d262357fc961419b20794e756117ace8bac260ee
  DRToastView: 3e7a5d8c66640ca6c618910c926425c9c0ab3954
  DRUIWidgetKit: ca45258ba344cec7d90e709bbad25b7a08114c6d
  HexColors: 5f95843ef89aff6a72e1fd3a8ebabf205cc43379
  JXExtension: 3b43946261391e0e38ca713e0e4b17da50eb479a
  Masonry: 678fab65091a9290e40e2832a55e7ab731aad201
  pop: d582054913807fd11fd50bfe6a539d91c7e1a55a
  RegExCategories: e68befacacd5bda853c88f70ec745cb2d0cfb89c
  RTRootNavigationController: 8344c2352d6d40fa370d0366efae2c84a945213f
  SDVersion: 18f32c835c1543611fcfae3c6accd9a04b90597e
  SDWebImage: 21b19f56b4226cdfe3aefe4e6848dc43ed129a86
  YYModel: 2a7fdd96aaa4b86a824e26d0c517de8928c04b30

PODFILE CHECKSUM: 35cf7a148293a78f7485d761cfeb3edb19e751f6

COCOAPODS: 1.8.4
